<?xml version="1.0" encoding="utf-8"?>
<Project ToolsVersion="4.0" xmlns="http://schemas.microsoft.com/developer/msbuild/2003">
  <ItemGroup>
    <Filter Include="리소스 파일">
      <UniqueIdentifier>{67DA6AB6-F800-4c08-8B7A-83BB121AAD01}</UniqueIdentifier>
      <Extensions>rc;ico;cur;bmp;dlg;rc2;rct;bin;rgs;gif;jpg;jpeg;jpe;resx;tiff;tif;png;wav;mfcribbon-ms</Extensions>
    </Filter>
    <Filter Include="VIEW">
      <UniqueIdentifier>{2419ffbc-7eae-40f4-bb11-7df602e7e633}</UniqueIdentifier>
    </Filter>
    <Filter Include="BASE">
      <UniqueIdentifier>{b7fdf6bb-b879-4a30-a2ce-db959f2b450d}</UniqueIdentifier>
    </Filter>
    <Filter Include="DLG">
      <UniqueIdentifier>{12fc8d04-17af-4f32-b891-7fad27de7610}</UniqueIdentifier>
    </Filter>
    <Filter Include="APP">
      <UniqueIdentifier>{3ab680ef-3986-48f0-b2f7-713dbc8c0660}</UniqueIdentifier>
    </Filter>
  </ItemGroup>
  <ItemGroup>
    <ClInclude Include="ObjMenuDlg.h">
      <Filter>DLG</Filter>
    </ClInclude>
    <ClInclude Include="MapMenuDlg.h">
      <Filter>DLG</Filter>
    </ClInclude>
    <ClInclude Include="RDlg.h">
      <Filter>DLG</Filter>
    </ClInclude>
    <ClInclude Include="RView.h">
      <Filter>VIEW</Filter>
    </ClInclude>
    <ClInclude Include="LView.h">
      <Filter>VIEW</Filter>
    </ClInclude>
    <ClInclude Include="ChildView.h">
      <Filter>BASE</Filter>
    </ClInclude>
    <ClInclude Include="framework.h">
      <Filter>BASE</Filter>
    </ClInclude>
    <ClInclude Include="GameTool.h">
      <Filter>BASE</Filter>
    </ClInclude>
    <ClInclude Include="MainFrm.h">
      <Filter>BASE</Filter>
    </ClInclude>
    <ClInclude Include="pch.h">
      <Filter>BASE</Filter>
    </ClInclude>
    <ClInclude Include="Resource.h">
      <Filter>BASE</Filter>
    </ClInclude>
    <ClInclude Include="targetver.h">
      <Filter>BASE</Filter>
    </ClInclude>
    <ClInclude Include="ToolProgress.h">
      <Filter>APP</Filter>
    </ClInclude>
    <ClInclude Include="ToolMaker.h">
      <Filter>APP</Filter>
    </ClInclude>
  </ItemGroup>
  <ItemGroup>
    <ClCompile Include="RView.cpp">
      <Filter>VIEW</Filter>
    </ClCompile>
    <ClCompile Include="LView.cpp">
      <Filter>VIEW</Filter>
    </ClCompile>
    <ClCompile Include="RDlg.cpp">
      <Filter>DLG</Filter>
    </ClCompile>
    <ClCompile Include="MapMenuDlg.cpp">
      <Filter>DLG</Filter>
    </ClCompile>
    <ClCompile Include="ObjMenuDlg.cpp">
      <Filter>DLG</Filter>
    </ClCompile>
    <ClCompile Include="pch.cpp">
      <Filter>BASE</Filter>
    </ClCompile>
    <ClCompile Include="ChildView.cpp">
      <Filter>BASE</Filter>
    </ClCompile>
    <ClCompile Include="GameTool.cpp">
      <Filter>BASE</Filter>
    </ClCompile>
    <ClCompile Include="MainFrm.cpp">
      <Filter>BASE</Filter>
    </ClCompile>
    <ClCompile Include="ToolMaker.cpp">
      <Filter>APP</Filter>
    </ClCompile>
    <ClCompile Include="ToolProgress.cpp">
      <Filter>APP</Filter>
    </ClCompile>
  </ItemGroup>
  <ItemGroup>
    <ResourceCompile Include="GameTool.rc">
      <Filter>리소스 파일</Filter>
    </ResourceCompile>
  </ItemGroup>
  <ItemGroup>
    <None Include="res\GameTool.rc2">
      <Filter>리소스 파일</Filter>
    </None>
  </ItemGroup>
  <ItemGroup>
    <Image Include="res\GameTool.ico">
      <Filter>리소스 파일</Filter>
    </Image>
  </ItemGroup>
</Project>