
Microsoft Visual Studio Solution File, Format Version 12.00
# Visual Studio Version 17
VisualStudioVersion = 17.10.35013.160
MinimumVisualStudioVersion = 10.0.40219.1
Project("{8BC9CEB8-8B4A-11D0-8D11-00A0C91BC942}") = "GameBase", "GameBase\GameBase.vcxproj", "{14D482F1-11A8-4873-8F79-278C8B20D23A}"
EndProject
Project("{8BC9CEB8-8B4A-11D0-8D11-00A0C91BC942}") = "GameEngine", "GameEngine\GameEngine.vcxproj", "{B953B4C8-7C88-417B-A4A1-A45A10B77351}"
	ProjectSection(ProjectDependencies) = postProject
		{14D482F1-11A8-4873-8F79-278C8B20D23A} = {14D482F1-11A8-4873-8F79-278C8B20D23A}
	EndProjectSection
EndProject
Project("{8BC9CEB8-8B4A-11D0-8D11-00A0C91BC942}") = "GameLib", "GameLib\GameLib.vcxproj", "{3139F068-4F88-45DE-9937-6B29E334DB1C}"
EndProject
Project("{8BC9CEB8-8B4A-11D0-8D11-00A0C91BC942}") = "GameTool", "GameTool\GameTool.vcxproj", "{4AAABCAA-75FC-4E96-A12F-B2E9E3C3B25C}"
	ProjectSection(ProjectDependencies) = postProject
		{14D482F1-11A8-4873-8F79-278C8B20D23A} = {14D482F1-11A8-4873-8F79-278C8B20D23A}
		{3139F068-4F88-45DE-9937-6B29E334DB1C} = {3139F068-4F88-45DE-9937-6B29E334DB1C}
		{B953B4C8-7C88-417B-A4A1-A45A10B77351} = {B953B4C8-7C88-417B-A4A1-A45A10B77351}
	EndProjectSection
EndProject
Project("{8BC9CEB8-8B4A-11D0-8D11-00A0C91BC942}") = "GameClient", "GameClient\GameClient.vcxproj", "{B5C6ED5C-A7F3-4161-8CAC-A33A11C20BBE}"
	ProjectSection(ProjectDependencies) = postProject
		{14D482F1-11A8-4873-8F79-278C8B20D23A} = {14D482F1-11A8-4873-8F79-278C8B20D23A}
		{3139F068-4F88-45DE-9937-6B29E334DB1C} = {3139F068-4F88-45DE-9937-6B29E334DB1C}
		{B953B4C8-7C88-417B-A4A1-A45A10B77351} = {B953B4C8-7C88-417B-A4A1-A45A10B77351}
	EndProjectSection
EndProject
Project("{2150E333-8FDC-42A3-9474-1A3956D46DE8}") = "ENG", "ENG", "{3E5A9D71-A7C5-43FF-9FA0-514017BD1483}"
EndProject
Project("{2150E333-8FDC-42A3-9474-1A3956D46DE8}") = "APP", "APP", "{7A93FB40-C77B-422F-BABA-CFC2D34CC147}"
EndProject
Project("{8BC9CEB8-8B4A-11D0-8D11-00A0C91BC942}") = "GameShader", "GameShader\GameShader.vcxproj", "{CF6331D0-5FC9-475A-A221-CA8CD953734F}"
EndProject
Project("{2150E333-8FDC-42A3-9474-1A3956D46DE8}") = "TP", "TP", "{8B1FA25F-15FA-49ED-836F-2DB093958B78}"
EndProject
Project("{8BC9CEB8-8B4A-11D0-8D11-00A0C91BC942}") = "FW1FontWrapper", "tp\FW1FontWrapper-master\FW1FontWrapper\FW1FontWrapper.vcxproj", "{9F62DB07-EA42-4388-82AB-E6FAA371F353}"
EndProject
Project("{8BC9CEB8-8B4A-11D0-8D11-00A0C91BC942}") = "DirectXTex", "tp\DirectXTex-main\DirectXTex\DirectXTex_Desktop_2022.vcxproj", "{371B9FA9-4C90-4AC6-A123-ACED756D6C77}"
EndProject
Global
	GlobalSection(SolutionConfigurationPlatforms) = preSolution
		Debug|x64 = Debug|x64
		Debug|x86 = Debug|x86
		Profile|x64 = Profile|x64
		Profile|x86 = Profile|x86
		Release|x64 = Release|x64
		Release|x86 = Release|x86
	EndGlobalSection
	GlobalSection(ProjectConfigurationPlatforms) = postSolution
		{14D482F1-11A8-4873-8F79-278C8B20D23A}.Debug|x64.ActiveCfg = Debug|x64
		{14D482F1-11A8-4873-8F79-278C8B20D23A}.Debug|x64.Build.0 = Debug|x64
		{14D482F1-11A8-4873-8F79-278C8B20D23A}.Debug|x86.ActiveCfg = Debug|Win32
		{14D482F1-11A8-4873-8F79-278C8B20D23A}.Debug|x86.Build.0 = Debug|Win32
		{14D482F1-11A8-4873-8F79-278C8B20D23A}.Profile|x64.ActiveCfg = Release|x64
		{14D482F1-11A8-4873-8F79-278C8B20D23A}.Profile|x64.Build.0 = Release|x64
		{14D482F1-11A8-4873-8F79-278C8B20D23A}.Profile|x86.ActiveCfg = Release|Win32
		{14D482F1-11A8-4873-8F79-278C8B20D23A}.Profile|x86.Build.0 = Release|Win32
		{14D482F1-11A8-4873-8F79-278C8B20D23A}.Release|x64.ActiveCfg = Release|x64
		{14D482F1-11A8-4873-8F79-278C8B20D23A}.Release|x64.Build.0 = Release|x64
		{14D482F1-11A8-4873-8F79-278C8B20D23A}.Release|x86.ActiveCfg = Release|Win32
		{14D482F1-11A8-4873-8F79-278C8B20D23A}.Release|x86.Build.0 = Release|Win32
		{B953B4C8-7C88-417B-A4A1-A45A10B77351}.Debug|x64.ActiveCfg = Debug|x64
		{B953B4C8-7C88-417B-A4A1-A45A10B77351}.Debug|x64.Build.0 = Debug|x64
		{B953B4C8-7C88-417B-A4A1-A45A10B77351}.Debug|x86.ActiveCfg = Debug|Win32
		{B953B4C8-7C88-417B-A4A1-A45A10B77351}.Debug|x86.Build.0 = Debug|Win32
		{B953B4C8-7C88-417B-A4A1-A45A10B77351}.Profile|x64.ActiveCfg = Release|x64
		{B953B4C8-7C88-417B-A4A1-A45A10B77351}.Profile|x64.Build.0 = Release|x64
		{B953B4C8-7C88-417B-A4A1-A45A10B77351}.Profile|x86.ActiveCfg = Release|Win32
		{B953B4C8-7C88-417B-A4A1-A45A10B77351}.Profile|x86.Build.0 = Release|Win32
		{B953B4C8-7C88-417B-A4A1-A45A10B77351}.Release|x64.ActiveCfg = Release|x64
		{B953B4C8-7C88-417B-A4A1-A45A10B77351}.Release|x64.Build.0 = Release|x64
		{B953B4C8-7C88-417B-A4A1-A45A10B77351}.Release|x86.ActiveCfg = Release|Win32
		{B953B4C8-7C88-417B-A4A1-A45A10B77351}.Release|x86.Build.0 = Release|Win32
		{3139F068-4F88-45DE-9937-6B29E334DB1C}.Debug|x64.ActiveCfg = Debug|x64
		{3139F068-4F88-45DE-9937-6B29E334DB1C}.Debug|x64.Build.0 = Debug|x64
		{3139F068-4F88-45DE-9937-6B29E334DB1C}.Debug|x86.ActiveCfg = Debug|Win32
		{3139F068-4F88-45DE-9937-6B29E334DB1C}.Debug|x86.Build.0 = Debug|Win32
		{3139F068-4F88-45DE-9937-6B29E334DB1C}.Profile|x64.ActiveCfg = Release|x64
		{3139F068-4F88-45DE-9937-6B29E334DB1C}.Profile|x64.Build.0 = Release|x64
		{3139F068-4F88-45DE-9937-6B29E334DB1C}.Profile|x86.ActiveCfg = Release|Win32
		{3139F068-4F88-45DE-9937-6B29E334DB1C}.Profile|x86.Build.0 = Release|Win32
		{3139F068-4F88-45DE-9937-6B29E334DB1C}.Release|x64.ActiveCfg = Release|x64
		{3139F068-4F88-45DE-9937-6B29E334DB1C}.Release|x64.Build.0 = Release|x64
		{3139F068-4F88-45DE-9937-6B29E334DB1C}.Release|x86.ActiveCfg = Release|Win32
		{3139F068-4F88-45DE-9937-6B29E334DB1C}.Release|x86.Build.0 = Release|Win32
		{4AAABCAA-75FC-4E96-A12F-B2E9E3C3B25C}.Debug|x64.ActiveCfg = Debug|x64
		{4AAABCAA-75FC-4E96-A12F-B2E9E3C3B25C}.Debug|x64.Build.0 = Debug|x64
		{4AAABCAA-75FC-4E96-A12F-B2E9E3C3B25C}.Debug|x86.ActiveCfg = Debug|Win32
		{4AAABCAA-75FC-4E96-A12F-B2E9E3C3B25C}.Debug|x86.Build.0 = Debug|Win32
		{4AAABCAA-75FC-4E96-A12F-B2E9E3C3B25C}.Profile|x64.ActiveCfg = Release|x64
		{4AAABCAA-75FC-4E96-A12F-B2E9E3C3B25C}.Profile|x64.Build.0 = Release|x64
		{4AAABCAA-75FC-4E96-A12F-B2E9E3C3B25C}.Profile|x86.ActiveCfg = Release|Win32
		{4AAABCAA-75FC-4E96-A12F-B2E9E3C3B25C}.Profile|x86.Build.0 = Release|Win32
		{4AAABCAA-75FC-4E96-A12F-B2E9E3C3B25C}.Release|x64.ActiveCfg = Release|x64
		{4AAABCAA-75FC-4E96-A12F-B2E9E3C3B25C}.Release|x64.Build.0 = Release|x64
		{4AAABCAA-75FC-4E96-A12F-B2E9E3C3B25C}.Release|x86.ActiveCfg = Release|Win32
		{4AAABCAA-75FC-4E96-A12F-B2E9E3C3B25C}.Release|x86.Build.0 = Release|Win32
		{B5C6ED5C-A7F3-4161-8CAC-A33A11C20BBE}.Debug|x64.ActiveCfg = Debug|x64
		{B5C6ED5C-A7F3-4161-8CAC-A33A11C20BBE}.Debug|x64.Build.0 = Debug|x64
		{B5C6ED5C-A7F3-4161-8CAC-A33A11C20BBE}.Debug|x86.ActiveCfg = Debug|Win32
		{B5C6ED5C-A7F3-4161-8CAC-A33A11C20BBE}.Debug|x86.Build.0 = Debug|Win32
		{B5C6ED5C-A7F3-4161-8CAC-A33A11C20BBE}.Profile|x64.ActiveCfg = Release|x64
		{B5C6ED5C-A7F3-4161-8CAC-A33A11C20BBE}.Profile|x64.Build.0 = Release|x64
		{B5C6ED5C-A7F3-4161-8CAC-A33A11C20BBE}.Profile|x86.ActiveCfg = Release|Win32
		{B5C6ED5C-A7F3-4161-8CAC-A33A11C20BBE}.Profile|x86.Build.0 = Release|Win32
		{B5C6ED5C-A7F3-4161-8CAC-A33A11C20BBE}.Release|x64.ActiveCfg = Release|x64
		{B5C6ED5C-A7F3-4161-8CAC-A33A11C20BBE}.Release|x64.Build.0 = Release|x64
		{B5C6ED5C-A7F3-4161-8CAC-A33A11C20BBE}.Release|x86.ActiveCfg = Release|Win32
		{B5C6ED5C-A7F3-4161-8CAC-A33A11C20BBE}.Release|x86.Build.0 = Release|Win32
		{CF6331D0-5FC9-475A-A221-CA8CD953734F}.Debug|x64.ActiveCfg = Debug|x64
		{CF6331D0-5FC9-475A-A221-CA8CD953734F}.Debug|x64.Build.0 = Debug|x64
		{CF6331D0-5FC9-475A-A221-CA8CD953734F}.Debug|x86.ActiveCfg = Debug|Win32
		{CF6331D0-5FC9-475A-A221-CA8CD953734F}.Debug|x86.Build.0 = Debug|Win32
		{CF6331D0-5FC9-475A-A221-CA8CD953734F}.Profile|x64.ActiveCfg = Release|x64
		{CF6331D0-5FC9-475A-A221-CA8CD953734F}.Profile|x64.Build.0 = Release|x64
		{CF6331D0-5FC9-475A-A221-CA8CD953734F}.Profile|x86.ActiveCfg = Release|Win32
		{CF6331D0-5FC9-475A-A221-CA8CD953734F}.Profile|x86.Build.0 = Release|Win32
		{CF6331D0-5FC9-475A-A221-CA8CD953734F}.Release|x64.ActiveCfg = Release|x64
		{CF6331D0-5FC9-475A-A221-CA8CD953734F}.Release|x64.Build.0 = Release|x64
		{CF6331D0-5FC9-475A-A221-CA8CD953734F}.Release|x86.ActiveCfg = Release|Win32
		{CF6331D0-5FC9-475A-A221-CA8CD953734F}.Release|x86.Build.0 = Release|Win32
		{9F62DB07-EA42-4388-82AB-E6FAA371F353}.Debug|x64.ActiveCfg = Debug|x64
		{9F62DB07-EA42-4388-82AB-E6FAA371F353}.Debug|x64.Build.0 = Debug|x64
		{9F62DB07-EA42-4388-82AB-E6FAA371F353}.Debug|x86.ActiveCfg = Debug|Win32
		{9F62DB07-EA42-4388-82AB-E6FAA371F353}.Debug|x86.Build.0 = Debug|Win32
		{9F62DB07-EA42-4388-82AB-E6FAA371F353}.Profile|x64.ActiveCfg = Debug|x64
		{9F62DB07-EA42-4388-82AB-E6FAA371F353}.Profile|x64.Build.0 = Debug|x64
		{9F62DB07-EA42-4388-82AB-E6FAA371F353}.Profile|x86.ActiveCfg = Debug|Win32
		{9F62DB07-EA42-4388-82AB-E6FAA371F353}.Profile|x86.Build.0 = Debug|Win32
		{9F62DB07-EA42-4388-82AB-E6FAA371F353}.Release|x64.ActiveCfg = Release|x64
		{9F62DB07-EA42-4388-82AB-E6FAA371F353}.Release|x64.Build.0 = Release|x64
		{9F62DB07-EA42-4388-82AB-E6FAA371F353}.Release|x86.ActiveCfg = Release|Win32
		{9F62DB07-EA42-4388-82AB-E6FAA371F353}.Release|x86.Build.0 = Release|Win32
		{371B9FA9-4C90-4AC6-A123-ACED756D6C77}.Debug|x64.ActiveCfg = Debug|x64
		{371B9FA9-4C90-4AC6-A123-ACED756D6C77}.Debug|x64.Build.0 = Debug|x64
		{371B9FA9-4C90-4AC6-A123-ACED756D6C77}.Debug|x86.ActiveCfg = Debug|Win32
		{371B9FA9-4C90-4AC6-A123-ACED756D6C77}.Debug|x86.Build.0 = Debug|Win32
		{371B9FA9-4C90-4AC6-A123-ACED756D6C77}.Profile|x64.ActiveCfg = Profile|x64
		{371B9FA9-4C90-4AC6-A123-ACED756D6C77}.Profile|x64.Build.0 = Profile|x64
		{371B9FA9-4C90-4AC6-A123-ACED756D6C77}.Profile|x86.ActiveCfg = Profile|Win32
		{371B9FA9-4C90-4AC6-A123-ACED756D6C77}.Profile|x86.Build.0 = Profile|Win32
		{371B9FA9-4C90-4AC6-A123-ACED756D6C77}.Release|x64.ActiveCfg = Release|x64
		{371B9FA9-4C90-4AC6-A123-ACED756D6C77}.Release|x64.Build.0 = Release|x64
		{371B9FA9-4C90-4AC6-A123-ACED756D6C77}.Release|x86.ActiveCfg = Release|Win32
		{371B9FA9-4C90-4AC6-A123-ACED756D6C77}.Release|x86.Build.0 = Release|Win32
	EndGlobalSection
	GlobalSection(SolutionProperties) = preSolution
		HideSolutionNode = FALSE
	EndGlobalSection
	GlobalSection(NestedProjects) = preSolution
		{14D482F1-11A8-4873-8F79-278C8B20D23A} = {3E5A9D71-A7C5-43FF-9FA0-514017BD1483}
		{B953B4C8-7C88-417B-A4A1-A45A10B77351} = {3E5A9D71-A7C5-43FF-9FA0-514017BD1483}
		{3139F068-4F88-45DE-9937-6B29E334DB1C} = {3E5A9D71-A7C5-43FF-9FA0-514017BD1483}
		{4AAABCAA-75FC-4E96-A12F-B2E9E3C3B25C} = {7A93FB40-C77B-422F-BABA-CFC2D34CC147}
		{B5C6ED5C-A7F3-4161-8CAC-A33A11C20BBE} = {7A93FB40-C77B-422F-BABA-CFC2D34CC147}
		{CF6331D0-5FC9-475A-A221-CA8CD953734F} = {3E5A9D71-A7C5-43FF-9FA0-514017BD1483}
		{9F62DB07-EA42-4388-82AB-E6FAA371F353} = {8B1FA25F-15FA-49ED-836F-2DB093958B78}
		{371B9FA9-4C90-4AC6-A123-ACED756D6C77} = {8B1FA25F-15FA-49ED-836F-2DB093958B78}
	EndGlobalSection
	GlobalSection(ExtensibilityGlobals) = postSolution
		SolutionGuid = {3E105D6F-5168-4878-9907-24FA822CD715}
	EndGlobalSection
EndGlobal
